
Microsoft Visual Studio Solution File, Format Version 12.00
Project("{FAE04EC0-301F-11D3-BF4B-00C04F79EFBC}") = "MontyHallKata", "MontyHallKata\MontyHallKata.csproj", "{92CFBFF2-4D7C-4901-ACF8-346AFBF257F2}"
EndProject
Project("{FAE04EC0-301F-11D3-BF4B-00C04F79EFBC}") = "MontyHallTests", "MontyHallTests\MontyHallTests.csproj", "{608DBCA9-7844-473E-A293-9AAE60152089}"
EndProject
Global
	GlobalSection(SolutionConfigurationPlatforms) = preSolution
		Debug|Any CPU = Debug|Any CPU
		Release|Any CPU = Release|Any CPU
	EndGlobalSection
	GlobalSection(ProjectConfigurationPlatforms) = postSolution
		{92CFBFF2-4D7C-4901-ACF8-346AFBF257F2}.Debug|Any CPU.ActiveCfg = Debug|Any CPU
		{92CFBFF2-4D7C-4901-ACF8-346AFBF257F2}.Debug|Any CPU.Build.0 = Debug|Any CPU
		{92CFBFF2-4D7C-4901-ACF8-346AFBF257F2}.Release|Any CPU.ActiveCfg = Release|Any CPU
		{92CFBFF2-4D7C-4901-ACF8-346AFBF257F2}.Release|Any CPU.Build.0 = Release|Any CPU
		{608DBCA9-7844-473E-A293-9AAE60152089}.Debug|Any CPU.ActiveCfg = Debug|Any CPU
		{608DBCA9-7844-473E-A293-9AAE60152089}.Debug|Any CPU.Build.0 = Debug|Any CPU
		{608DBCA9-7844-473E-A293-9AAE60152089}.Release|Any CPU.ActiveCfg = Release|Any CPU
		{608DBCA9-7844-473E-A293-9AAE60152089}.Release|Any CPU.Build.0 = Release|Any CPU
	EndGlobalSection
EndGlobal
